
Microsoft Visual Studio Solution File, Format Version 12.00
# Visual Studio 15
VisualStudioVersion = 15.0.27130.2036
MinimumVisualStudioVersion = 10.0.40219.1
Project("{FAE04EC0-301F-11D3-BF4B-00C04F79EFBC}") = "arkadasOnerme", "arkadasOnerme\arkadasOnerme.csproj", "{5509375E-4BD9-41EB-87B4-8BD0D2428B83}"
EndProject
Global
	GlobalSection(SolutionConfigurationPlatforms) = preSolution
		Debug|Any CPU = Debug|Any CPU
		Release|Any CPU = Release|Any CPU
	EndGlobalSection
	GlobalSection(ProjectConfigurationPlatforms) = postSolution
		{5509375E-4BD9-41EB-87B4-8BD0D2428B83}.Debug|Any CPU.ActiveCfg = Debug|Any CPU
		{5509375E-4BD9-41EB-87B4-8BD0D2428B83}.Debug|Any CPU.Build.0 = Debug|Any CPU
		{5509375E-4BD9-41EB-87B4-8BD0D2428B83}.Release|Any CPU.ActiveCfg = Release|Any CPU
		{5509375E-4BD9-41EB-87B4-8BD0D2428B83}.Release|Any CPU.Build.0 = Release|Any CPU
	EndGlobalSection
	GlobalSection(SolutionProperties) = preSolution
		HideSolutionNode = FALSE
	EndGlobalSection
	GlobalSection(ExtensibilityGlobals) = postSolution
		SolutionGuid = {4F71E820-87AC-4895-8B5D-2AB163FE0E64}
	EndGlobalSection
EndGlobal
